
Microsoft Visual Studio Solution File, Format Version 12.00
# Visual Studio Version 17
VisualStudioVersion = 17.11.35327.3
MinimumVisualStudioVersion = 10.0.40219.1
Project("{8BC9CEB8-8B4A-11D0-8D11-00A0C91BC942}") = "TEMA LAB OOP 1.1", "TEMA LAB OOP 1\TEMA LAB OOP 1.vcxproj", "{71DFF520-4BDF-4528-8827-6758A3F9E1B4}"
EndProject
Project("{8BC9CEB8-8B4A-11D0-8D11-00A0C91BC942}") = "TEMA LAB OOP 1.2", "TEMA LAB OOP 1.2\TEMA LAB OOP 1.2.vcxproj", "{7E7D873C-0D5E-4925-B2A8-0DF725E3EA08}"
EndProject
Project("{8BC9CEB8-8B4A-11D0-8D11-00A0C91BC942}") = "EX 2.1", "EX 2.1\EX 2.1.vcxproj", "{86737F58-9553-4964-902D-E7209B8AC8AC}"
EndProject
Project("{8BC9CEB8-8B4A-11D0-8D11-00A0C91BC942}") = "EX 2.2", "EX 2.2\EX 2.2.vcxproj", "{830EA9AA-44C2-4F84-BB65-0268D3F58F52}"
EndProject
Project("{8BC9CEB8-8B4A-11D0-8D11-00A0C91BC942}") = "EX 2.3", "EX 2.3\EX 2.3.vcxproj", "{90385845-0EAD-43C8-B97E-3A3B5BE06B6E}"
EndProject
Project("{8BC9CEB8-8B4A-11D0-8D11-00A0C91BC942}") = "EX 2.4", "EX 2.4\EX 2.4.vcxproj", "{12D336A4-08E5-437A-ACA6-100B1D1A2FA1}"
EndProject
Project("{8BC9CEB8-8B4A-11D0-8D11-00A0C91BC942}") = "EX 2.5", "EX 2.5\EX 2.5.vcxproj", "{39F3DD65-2F20-4DD1-9E89-B1E1A5452AE4}"
EndProject
Project("{8BC9CEB8-8B4A-11D0-8D11-00A0C91BC942}") = "EX 3.1", "EX 3.1\EX 3.1.vcxproj", "{8CA4898C-E524-43C7-882C-AC3BBC91AD6F}"
EndProject
Project("{8BC9CEB8-8B4A-11D0-8D11-00A0C91BC942}") = "EX 3.2", "EX 3.2\EX 3.2.vcxproj", "{2B89ECC1-E1F5-4B40-9D71-3619B3732868}"
EndProject
Project("{8BC9CEB8-8B4A-11D0-8D11-00A0C91BC942}") = "EX 3.3", "EX 3.3\EX 3.3.vcxproj", "{BC13C6D1-C8EC-4E5E-8D6F-9FDA003C0716}"
EndProject
Project("{8BC9CEB8-8B4A-11D0-8D11-00A0C91BC942}") = "EX 3.4", "EX 3.4\EX 3.4.vcxproj", "{17ECEFB6-3677-469F-BD7F-3AB7D20BFF68}"
EndProject
Project("{8BC9CEB8-8B4A-11D0-8D11-00A0C91BC942}") = "EX 3.5", "EX 3.5\EX 3.5.vcxproj", "{7586E9C9-EFAF-4C90-B803-02D23A2729C9}"
EndProject
Project("{8BC9CEB8-8B4A-11D0-8D11-00A0C91BC942}") = "EX 4.1", "EX 4.1\EX 4.1.vcxproj", "{E9BC8E41-DD93-457D-832D-ACE707FED482}"
EndProject
Project("{8BC9CEB8-8B4A-11D0-8D11-00A0C91BC942}") = "EX 4.2", "EX 4.2\EX 4.2.vcxproj", "{24D86FB3-F9D2-446F-BF3F-1606C70407C6}"
EndProject
Project("{8BC9CEB8-8B4A-11D0-8D11-00A0C91BC942}") = "EX 4.3", "EX 4.3\EX 4.3.vcxproj", "{AF74D257-3C82-4E44-A352-536A192D0C13}"
EndProject
Project("{8BC9CEB8-8B4A-11D0-8D11-00A0C91BC942}") = "EX 5.1", "EX 5.1\EX 5.1.vcxproj", "{2104CEA3-5450-478C-89C0-9A21904E1EE2}"
EndProject
Project("{8BC9CEB8-8B4A-11D0-8D11-00A0C91BC942}") = "EX 5.2", "EX 5.2\EX 5.2.vcxproj", "{3022F7C4-3620-4219-A41B-7E13C4641DD4}"
EndProject
Project("{8BC9CEB8-8B4A-11D0-8D11-00A0C91BC942}") = "EX 6.1", "EX 6.1\EX 6.1.vcxproj", "{352D7EE5-EE86-4BDF-A143-1AE00FD45BC0}"
EndProject
Project("{8BC9CEB8-8B4A-11D0-8D11-00A0C91BC942}") = "EX 6.2", "EX 6.2\EX 6.2.vcxproj", "{42AB57E0-5049-4A83-BC97-8918527D65A9}"
EndProject
Project("{8BC9CEB8-8B4A-11D0-8D11-00A0C91BC942}") = "EX 6.3", "EX 6.3\EX 6.3.vcxproj", "{174701BD-55B7-439A-B047-59F00DEF6419}"
EndProject
Project("{8BC9CEB8-8B4A-11D0-8D11-00A0C91BC942}") = "EX 6.4", "EX 6.4\EX 6.4.vcxproj", "{672A827A-68DB-4650-81BD-9C4A9E5352C6}"
EndProject
Project("{8BC9CEB8-8B4A-11D0-8D11-00A0C91BC942}") = "EX 6.5", "EX 6.5\EX 6.5.vcxproj", "{B92E724C-A587-4780-9D37-3B8F274B06CF}"
EndProject
Project("{8BC9CEB8-8B4A-11D0-8D11-00A0C91BC942}") = "EX 7.1", "EX 7.1\EX 7.1.vcxproj", "{8C5FED68-F561-4968-A00C-3FF501EC90FA}"
EndProject
Project("{8BC9CEB8-8B4A-11D0-8D11-00A0C91BC942}") = "EX 7.2", "EX 7.2\EX 7.2.vcxproj", "{A4458A2B-217B-431A-8D2D-3E3B94061A86}"
EndProject
Project("{8BC9CEB8-8B4A-11D0-8D11-00A0C91BC942}") = "EX 8.1", "EX 8.1\EX 8.1.vcxproj", "{8770D61B-AC7E-4796-8962-3F8AEDB1CC5B}"
EndProject
Project("{8BC9CEB8-8B4A-11D0-8D11-00A0C91BC942}") = "EX 8.2", "EX 8.2\EX 8.2.vcxproj", "{DDD596CC-3B73-4B16-838C-9B0666A986FA}"
EndProject
Project("{8BC9CEB8-8B4A-11D0-8D11-00A0C91BC942}") = "EX 8.3", "EX 8.3\EX 8.3.vcxproj", "{33B7864E-775F-4E5A-AF23-C8DCBD5A5337}"
EndProject
Project("{8BC9CEB8-8B4A-11D0-8D11-00A0C91BC942}") = "EX 9.1", "EX 9.1\EX 9.1.vcxproj", "{DE1C54A1-17C8-41D0-9BA1-5C91C545D8FD}"
EndProject
Project("{8BC9CEB8-8B4A-11D0-8D11-00A0C91BC942}") = "EX 9.2", "EX 9.2\EX 9.2.vcxproj", "{2A8433B0-0961-4A87-A538-B2D8A2692593}"
EndProject
Project("{8BC9CEB8-8B4A-11D0-8D11-00A0C91BC942}") = "EX 9.3", "EX 9.3\EX 9.3.vcxproj", "{A988B77B-0727-4DB1-980A-79DBEED88E41}"
EndProject
Project("{8BC9CEB8-8B4A-11D0-8D11-00A0C91BC942}") = "EX 9.4", "EX 9.4\EX 9.4.vcxproj", "{A9E7848E-2AC9-42CA-90FA-EA391BFB1DCD}"
EndProject
Project("{8BC9CEB8-8B4A-11D0-8D11-00A0C91BC942}") = "EX 9.5", "EX 9.5\EX 9.5.vcxproj", "{EF517339-629F-42BB-AA9C-D76192185CD5}"
EndProject
Global
	GlobalSection(SolutionConfigurationPlatforms) = preSolution
		Debug|x64 = Debug|x64
		Debug|x86 = Debug|x86
		Release|x64 = Release|x64
		Release|x86 = Release|x86
	EndGlobalSection
	GlobalSection(ProjectConfigurationPlatforms) = postSolution
		{71DFF520-4BDF-4528-8827-6758A3F9E1B4}.Debug|x64.ActiveCfg = Debug|x64
		{71DFF520-4BDF-4528-8827-6758A3F9E1B4}.Debug|x64.Build.0 = Debug|x64
		{71DFF520-4BDF-4528-8827-6758A3F9E1B4}.Debug|x86.ActiveCfg = Debug|Win32
		{71DFF520-4BDF-4528-8827-6758A3F9E1B4}.Debug|x86.Build.0 = Debug|Win32
		{71DFF520-4BDF-4528-8827-6758A3F9E1B4}.Release|x64.ActiveCfg = Release|x64
		{71DFF520-4BDF-4528-8827-6758A3F9E1B4}.Release|x64.Build.0 = Release|x64
		{71DFF520-4BDF-4528-8827-6758A3F9E1B4}.Release|x86.ActiveCfg = Release|Win32
		{71DFF520-4BDF-4528-8827-6758A3F9E1B4}.Release|x86.Build.0 = Release|Win32
		{7E7D873C-0D5E-4925-B2A8-0DF725E3EA08}.Debug|x64.ActiveCfg = Debug|x64
		{7E7D873C-0D5E-4925-B2A8-0DF725E3EA08}.Debug|x64.Build.0 = Debug|x64
		{7E7D873C-0D5E-4925-B2A8-0DF725E3EA08}.Debug|x86.ActiveCfg = Debug|Win32
		{7E7D873C-0D5E-4925-B2A8-0DF725E3EA08}.Debug|x86.Build.0 = Debug|Win32
		{7E7D873C-0D5E-4925-B2A8-0DF725E3EA08}.Release|x64.ActiveCfg = Release|x64
		{7E7D873C-0D5E-4925-B2A8-0DF725E3EA08}.Release|x64.Build.0 = Release|x64
		{7E7D873C-0D5E-4925-B2A8-0DF725E3EA08}.Release|x86.ActiveCfg = Release|Win32
		{7E7D873C-0D5E-4925-B2A8-0DF725E3EA08}.Release|x86.Build.0 = Release|Win32
		{86737F58-9553-4964-902D-E7209B8AC8AC}.Debug|x64.ActiveCfg = Debug|x64
		{86737F58-9553-4964-902D-E7209B8AC8AC}.Debug|x64.Build.0 = Debug|x64
		{86737F58-9553-4964-902D-E7209B8AC8AC}.Debug|x86.ActiveCfg = Debug|Win32
		{86737F58-9553-4964-902D-E7209B8AC8AC}.Debug|x86.Build.0 = Debug|Win32
		{86737F58-9553-4964-902D-E7209B8AC8AC}.Release|x64.ActiveCfg = Release|x64
		{86737F58-9553-4964-902D-E7209B8AC8AC}.Release|x64.Build.0 = Release|x64
		{86737F58-9553-4964-902D-E7209B8AC8AC}.Release|x86.ActiveCfg = Release|Win32
		{86737F58-9553-4964-902D-E7209B8AC8AC}.Release|x86.Build.0 = Release|Win32
		{830EA9AA-44C2-4F84-BB65-0268D3F58F52}.Debug|x64.ActiveCfg = Debug|x64
		{830EA9AA-44C2-4F84-BB65-0268D3F58F52}.Debug|x64.Build.0 = Debug|x64
		{830EA9AA-44C2-4F84-BB65-0268D3F58F52}.Debug|x86.ActiveCfg = Debug|Win32
		{830EA9AA-44C2-4F84-BB65-0268D3F58F52}.Debug|x86.Build.0 = Debug|Win32
		{830EA9AA-44C2-4F84-BB65-0268D3F58F52}.Release|x64.ActiveCfg = Release|x64
		{830EA9AA-44C2-4F84-BB65-0268D3F58F52}.Release|x64.Build.0 = Release|x64
		{830EA9AA-44C2-4F84-BB65-0268D3F58F52}.Release|x86.ActiveCfg = Release|Win32
		{830EA9AA-44C2-4F84-BB65-0268D3F58F52}.Release|x86.Build.0 = Release|Win32
		{90385845-0EAD-43C8-B97E-3A3B5BE06B6E}.Debug|x64.ActiveCfg = Debug|x64
		{90385845-0EAD-43C8-B97E-3A3B5BE06B6E}.Debug|x64.Build.0 = Debug|x64
		{90385845-0EAD-43C8-B97E-3A3B5BE06B6E}.Debug|x86.ActiveCfg = Debug|Win32
		{90385845-0EAD-43C8-B97E-3A3B5BE06B6E}.Debug|x86.Build.0 = Debug|Win32
		{90385845-0EAD-43C8-B97E-3A3B5BE06B6E}.Release|x64.ActiveCfg = Release|x64
		{90385845-0EAD-43C8-B97E-3A3B5BE06B6E}.Release|x64.Build.0 = Release|x64
		{90385845-0EAD-43C8-B97E-3A3B5BE06B6E}.Release|x86.ActiveCfg = Release|Win32
		{90385845-0EAD-43C8-B97E-3A3B5BE06B6E}.Release|x86.Build.0 = Release|Win32
		{12D336A4-08E5-437A-ACA6-100B1D1A2FA1}.Debug|x64.ActiveCfg = Debug|x64
		{12D336A4-08E5-437A-ACA6-100B1D1A2FA1}.Debug|x64.Build.0 = Debug|x64
		{12D336A4-08E5-437A-ACA6-100B1D1A2FA1}.Debug|x86.ActiveCfg = Debug|Win32
		{12D336A4-08E5-437A-ACA6-100B1D1A2FA1}.Debug|x86.Build.0 = Debug|Win32
		{12D336A4-08E5-437A-ACA6-100B1D1A2FA1}.Release|x64.ActiveCfg = Release|x64
		{12D336A4-08E5-437A-ACA6-100B1D1A2FA1}.Release|x64.Build.0 = Release|x64
		{12D336A4-08E5-437A-ACA6-100B1D1A2FA1}.Release|x86.ActiveCfg = Release|Win32
		{12D336A4-08E5-437A-ACA6-100B1D1A2FA1}.Release|x86.Build.0 = Release|Win32
		{39F3DD65-2F20-4DD1-9E89-B1E1A5452AE4}.Debug|x64.ActiveCfg = Debug|x64
		{39F3DD65-2F20-4DD1-9E89-B1E1A5452AE4}.Debug|x64.Build.0 = Debug|x64
		{39F3DD65-2F20-4DD1-9E89-B1E1A5452AE4}.Debug|x86.ActiveCfg = Debug|Win32
		{39F3DD65-2F20-4DD1-9E89-B1E1A5452AE4}.Debug|x86.Build.0 = Debug|Win32
		{39F3DD65-2F20-4DD1-9E89-B1E1A5452AE4}.Release|x64.ActiveCfg = Release|x64
		{39F3DD65-2F20-4DD1-9E89-B1E1A5452AE4}.Release|x64.Build.0 = Release|x64
		{39F3DD65-2F20-4DD1-9E89-B1E1A5452AE4}.Release|x86.ActiveCfg = Release|Win32
		{39F3DD65-2F20-4DD1-9E89-B1E1A5452AE4}.Release|x86.Build.0 = Release|Win32
		{8CA4898C-E524-43C7-882C-AC3BBC91AD6F}.Debug|x64.ActiveCfg = Debug|x64
		{8CA4898C-E524-43C7-882C-AC3BBC91AD6F}.Debug|x64.Build.0 = Debug|x64
		{8CA4898C-E524-43C7-882C-AC3BBC91AD6F}.Debug|x86.ActiveCfg = Debug|Win32
		{8CA4898C-E524-43C7-882C-AC3BBC91AD6F}.Debug|x86.Build.0 = Debug|Win32
		{8CA4898C-E524-43C7-882C-AC3BBC91AD6F}.Release|x64.ActiveCfg = Release|x64
		{8CA4898C-E524-43C7-882C-AC3BBC91AD6F}.Release|x64.Build.0 = Release|x64
		{8CA4898C-E524-43C7-882C-AC3BBC91AD6F}.Release|x86.ActiveCfg = Release|Win32
		{8CA4898C-E524-43C7-882C-AC3BBC91AD6F}.Release|x86.Build.0 = Release|Win32
		{2B89ECC1-E1F5-4B40-9D71-3619B3732868}.Debug|x64.ActiveCfg = Debug|x64
		{2B89ECC1-E1F5-4B40-9D71-3619B3732868}.Debug|x64.Build.0 = Debug|x64
		{2B89ECC1-E1F5-4B40-9D71-3619B3732868}.Debug|x86.ActiveCfg = Debug|Win32
		{2B89ECC1-E1F5-4B40-9D71-3619B3732868}.Debug|x86.Build.0 = Debug|Win32
		{2B89ECC1-E1F5-4B40-9D71-3619B3732868}.Release|x64.ActiveCfg = Release|x64
		{2B89ECC1-E1F5-4B40-9D71-3619B3732868}.Release|x64.Build.0 = Release|x64
		{2B89ECC1-E1F5-4B40-9D71-3619B3732868}.Release|x86.ActiveCfg = Release|Win32
		{2B89ECC1-E1F5-4B40-9D71-3619B3732868}.Release|x86.Build.0 = Release|Win32
		{BC13C6D1-C8EC-4E5E-8D6F-9FDA003C0716}.Debug|x64.ActiveCfg = Debug|x64
		{BC13C6D1-C8EC-4E5E-8D6F-9FDA003C0716}.Debug|x64.Build.0 = Debug|x64
		{BC13C6D1-C8EC-4E5E-8D6F-9FDA003C0716}.Debug|x86.ActiveCfg = Debug|Win32
		{BC13C6D1-C8EC-4E5E-8D6F-9FDA003C0716}.Debug|x86.Build.0 = Debug|Win32
		{BC13C6D1-C8EC-4E5E-8D6F-9FDA003C0716}.Release|x64.ActiveCfg = Release|x64
		{BC13C6D1-C8EC-4E5E-8D6F-9FDA003C0716}.Release|x64.Build.0 = Release|x64
		{BC13C6D1-C8EC-4E5E-8D6F-9FDA003C0716}.Release|x86.ActiveCfg = Release|Win32
		{BC13C6D1-C8EC-4E5E-8D6F-9FDA003C0716}.Release|x86.Build.0 = Release|Win32
		{17ECEFB6-3677-469F-BD7F-3AB7D20BFF68}.Debug|x64.ActiveCfg = Debug|x64
		{17ECEFB6-3677-469F-BD7F-3AB7D20BFF68}.Debug|x64.Build.0 = Debug|x64
		{17ECEFB6-3677-469F-BD7F-3AB7D20BFF68}.Debug|x86.ActiveCfg = Debug|Win32
		{17ECEFB6-3677-469F-BD7F-3AB7D20BFF68}.Debug|x86.Build.0 = Debug|Win32
		{17ECEFB6-3677-469F-BD7F-3AB7D20BFF68}.Release|x64.ActiveCfg = Release|x64
		{17ECEFB6-3677-469F-BD7F-3AB7D20BFF68}.Release|x64.Build.0 = Release|x64
		{17ECEFB6-3677-469F-BD7F-3AB7D20BFF68}.Release|x86.ActiveCfg = Release|Win32
		{17ECEFB6-3677-469F-BD7F-3AB7D20BFF68}.Release|x86.Build.0 = Release|Win32
		{7586E9C9-EFAF-4C90-B803-02D23A2729C9}.Debug|x64.ActiveCfg = Debug|x64
		{7586E9C9-EFAF-4C90-B803-02D23A2729C9}.Debug|x64.Build.0 = Debug|x64
		{7586E9C9-EFAF-4C90-B803-02D23A2729C9}.Debug|x86.ActiveCfg = Debug|Win32
		{7586E9C9-EFAF-4C90-B803-02D23A2729C9}.Debug|x86.Build.0 = Debug|Win32
		{7586E9C9-EFAF-4C90-B803-02D23A2729C9}.Release|x64.ActiveCfg = Release|x64
		{7586E9C9-EFAF-4C90-B803-02D23A2729C9}.Release|x64.Build.0 = Release|x64
		{7586E9C9-EFAF-4C90-B803-02D23A2729C9}.Release|x86.ActiveCfg = Release|Win32
		{7586E9C9-EFAF-4C90-B803-02D23A2729C9}.Release|x86.Build.0 = Release|Win32
		{E9BC8E41-DD93-457D-832D-ACE707FED482}.Debug|x64.ActiveCfg = Debug|x64
		{E9BC8E41-DD93-457D-832D-ACE707FED482}.Debug|x64.Build.0 = Debug|x64
		{E9BC8E41-DD93-457D-832D-ACE707FED482}.Debug|x86.ActiveCfg = Debug|Win32
		{E9BC8E41-DD93-457D-832D-ACE707FED482}.Debug|x86.Build.0 = Debug|Win32
		{E9BC8E41-DD93-457D-832D-ACE707FED482}.Release|x64.ActiveCfg = Release|x64
		{E9BC8E41-DD93-457D-832D-ACE707FED482}.Release|x64.Build.0 = Release|x64
		{E9BC8E41-DD93-457D-832D-ACE707FED482}.Release|x86.ActiveCfg = Release|Win32
		{E9BC8E41-DD93-457D-832D-ACE707FED482}.Release|x86.Build.0 = Release|Win32
		{24D86FB3-F9D2-446F-BF3F-1606C70407C6}.Debug|x64.ActiveCfg = Debug|x64
		{24D86FB3-F9D2-446F-BF3F-1606C70407C6}.Debug|x64.Build.0 = Debug|x64
		{24D86FB3-F9D2-446F-BF3F-1606C70407C6}.Debug|x86.ActiveCfg = Debug|Win32
		{24D86FB3-F9D2-446F-BF3F-1606C70407C6}.Debug|x86.Build.0 = Debug|Win32
		{24D86FB3-F9D2-446F-BF3F-1606C70407C6}.Release|x64.ActiveCfg = Release|x64
		{24D86FB3-F9D2-446F-BF3F-1606C70407C6}.Release|x64.Build.0 = Release|x64
		{24D86FB3-F9D2-446F-BF3F-1606C70407C6}.Release|x86.ActiveCfg = Release|Win32
		{24D86FB3-F9D2-446F-BF3F-1606C70407C6}.Release|x86.Build.0 = Release|Win32
		{AF74D257-3C82-4E44-A352-536A192D0C13}.Debug|x64.ActiveCfg = Debug|x64
		{AF74D257-3C82-4E44-A352-536A192D0C13}.Debug|x64.Build.0 = Debug|x64
		{AF74D257-3C82-4E44-A352-536A192D0C13}.Debug|x86.ActiveCfg = Debug|Win32
		{AF74D257-3C82-4E44-A352-536A192D0C13}.Debug|x86.Build.0 = Debug|Win32
		{AF74D257-3C82-4E44-A352-536A192D0C13}.Release|x64.ActiveCfg = Release|x64
		{AF74D257-3C82-4E44-A352-536A192D0C13}.Release|x64.Build.0 = Release|x64
		{AF74D257-3C82-4E44-A352-536A192D0C13}.Release|x86.ActiveCfg = Release|Win32
		{AF74D257-3C82-4E44-A352-536A192D0C13}.Release|x86.Build.0 = Release|Win32
		{2104CEA3-5450-478C-89C0-9A21904E1EE2}.Debug|x64.ActiveCfg = Debug|x64
		{2104CEA3-5450-478C-89C0-9A21904E1EE2}.Debug|x64.Build.0 = Debug|x64
		{2104CEA3-5450-478C-89C0-9A21904E1EE2}.Debug|x86.ActiveCfg = Debug|Win32
		{2104CEA3-5450-478C-89C0-9A21904E1EE2}.Debug|x86.Build.0 = Debug|Win32
		{2104CEA3-5450-478C-89C0-9A21904E1EE2}.Release|x64.ActiveCfg = Release|x64
		{2104CEA3-5450-478C-89C0-9A21904E1EE2}.Release|x64.Build.0 = Release|x64
		{2104CEA3-5450-478C-89C0-9A21904E1EE2}.Release|x86.ActiveCfg = Release|Win32
		{2104CEA3-5450-478C-89C0-9A21904E1EE2}.Release|x86.Build.0 = Release|Win32
		{3022F7C4-3620-4219-A41B-7E13C4641DD4}.Debug|x64.ActiveCfg = Debug|x64
		{3022F7C4-3620-4219-A41B-7E13C4641DD4}.Debug|x64.Build.0 = Debug|x64
		{3022F7C4-3620-4219-A41B-7E13C4641DD4}.Debug|x86.ActiveCfg = Debug|Win32
		{3022F7C4-3620-4219-A41B-7E13C4641DD4}.Debug|x86.Build.0 = Debug|Win32
		{3022F7C4-3620-4219-A41B-7E13C4641DD4}.Release|x64.ActiveCfg = Release|x64
		{3022F7C4-3620-4219-A41B-7E13C4641DD4}.Release|x64.Build.0 = Release|x64
		{3022F7C4-3620-4219-A41B-7E13C4641DD4}.Release|x86.ActiveCfg = Release|Win32
		{3022F7C4-3620-4219-A41B-7E13C4641DD4}.Release|x86.Build.0 = Release|Win32
		{352D7EE5-EE86-4BDF-A143-1AE00FD45BC0}.Debug|x64.ActiveCfg = Debug|x64
		{352D7EE5-EE86-4BDF-A143-1AE00FD45BC0}.Debug|x64.Build.0 = Debug|x64
		{352D7EE5-EE86-4BDF-A143-1AE00FD45BC0}.Debug|x86.ActiveCfg = Debug|Win32
		{352D7EE5-EE86-4BDF-A143-1AE00FD45BC0}.Debug|x86.Build.0 = Debug|Win32
		{352D7EE5-EE86-4BDF-A143-1AE00FD45BC0}.Release|x64.ActiveCfg = Release|x64
		{352D7EE5-EE86-4BDF-A143-1AE00FD45BC0}.Release|x64.Build.0 = Release|x64
		{352D7EE5-EE86-4BDF-A143-1AE00FD45BC0}.Release|x86.ActiveCfg = Release|Win32
		{352D7EE5-EE86-4BDF-A143-1AE00FD45BC0}.Release|x86.Build.0 = Release|Win32
		{42AB57E0-5049-4A83-BC97-8918527D65A9}.Debug|x64.ActiveCfg = Debug|x64
		{42AB57E0-5049-4A83-BC97-8918527D65A9}.Debug|x64.Build.0 = Debug|x64
		{42AB57E0-5049-4A83-BC97-8918527D65A9}.Debug|x86.ActiveCfg = Debug|Win32
		{42AB57E0-5049-4A83-BC97-8918527D65A9}.Debug|x86.Build.0 = Debug|Win32
		{42AB57E0-5049-4A83-BC97-8918527D65A9}.Release|x64.ActiveCfg = Release|x64
		{42AB57E0-5049-4A83-BC97-8918527D65A9}.Release|x64.Build.0 = Release|x64
		{42AB57E0-5049-4A83-BC97-8918527D65A9}.Release|x86.ActiveCfg = Release|Win32
		{42AB57E0-5049-4A83-BC97-8918527D65A9}.Release|x86.Build.0 = Release|Win32
		{174701BD-55B7-439A-B047-59F00DEF6419}.Debug|x64.ActiveCfg = Debug|x64
		{174701BD-55B7-439A-B047-59F00DEF6419}.Debug|x64.Build.0 = Debug|x64
		{174701BD-55B7-439A-B047-59F00DEF6419}.Debug|x86.ActiveCfg = Debug|Win32
		{174701BD-55B7-439A-B047-59F00DEF6419}.Debug|x86.Build.0 = Debug|Win32
		{174701BD-55B7-439A-B047-59F00DEF6419}.Release|x64.ActiveCfg = Release|x64
		{174701BD-55B7-439A-B047-59F00DEF6419}.Release|x64.Build.0 = Release|x64
		{174701BD-55B7-439A-B047-59F00DEF6419}.Release|x86.ActiveCfg = Release|Win32
		{174701BD-55B7-439A-B047-59F00DEF6419}.Release|x86.Build.0 = Release|Win32
		{672A827A-68DB-4650-81BD-9C4A9E5352C6}.Debug|x64.ActiveCfg = Debug|x64
		{672A827A-68DB-4650-81BD-9C4A9E5352C6}.Debug|x64.Build.0 = Debug|x64
		{672A827A-68DB-4650-81BD-9C4A9E5352C6}.Debug|x86.ActiveCfg = Debug|Win32
		{672A827A-68DB-4650-81BD-9C4A9E5352C6}.Debug|x86.Build.0 = Debug|Win32
		{672A827A-68DB-4650-81BD-9C4A9E5352C6}.Release|x64.ActiveCfg = Release|x64
		{672A827A-68DB-4650-81BD-9C4A9E5352C6}.Release|x64.Build.0 = Release|x64
		{672A827A-68DB-4650-81BD-9C4A9E5352C6}.Release|x86.ActiveCfg = Release|Win32
		{672A827A-68DB-4650-81BD-9C4A9E5352C6}.Release|x86.Build.0 = Release|Win32
		{B92E724C-A587-4780-9D37-3B8F274B06CF}.Debug|x64.ActiveCfg = Debug|x64
		{B92E724C-A587-4780-9D37-3B8F274B06CF}.Debug|x64.Build.0 = Debug|x64
		{B92E724C-A587-4780-9D37-3B8F274B06CF}.Debug|x86.ActiveCfg = Debug|Win32
		{B92E724C-A587-4780-9D37-3B8F274B06CF}.Debug|x86.Build.0 = Debug|Win32
		{B92E724C-A587-4780-9D37-3B8F274B06CF}.Release|x64.ActiveCfg = Release|x64
		{B92E724C-A587-4780-9D37-3B8F274B06CF}.Release|x64.Build.0 = Release|x64
		{B92E724C-A587-4780-9D37-3B8F274B06CF}.Release|x86.ActiveCfg = Release|Win32
		{B92E724C-A587-4780-9D37-3B8F274B06CF}.Release|x86.Build.0 = Release|Win32
		{8C5FED68-F561-4968-A00C-3FF501EC90FA}.Debug|x64.ActiveCfg = Debug|x64
		{8C5FED68-F561-4968-A00C-3FF501EC90FA}.Debug|x64.Build.0 = Debug|x64
		{8C5FED68-F561-4968-A00C-3FF501EC90FA}.Debug|x86.ActiveCfg = Debug|Win32
		{8C5FED68-F561-4968-A00C-3FF501EC90FA}.Debug|x86.Build.0 = Debug|Win32
		{8C5FED68-F561-4968-A00C-3FF501EC90FA}.Release|x64.ActiveCfg = Release|x64
		{8C5FED68-F561-4968-A00C-3FF501EC90FA}.Release|x64.Build.0 = Release|x64
		{8C5FED68-F561-4968-A00C-3FF501EC90FA}.Release|x86.ActiveCfg = Release|Win32
		{8C5FED68-F561-4968-A00C-3FF501EC90FA}.Release|x86.Build.0 = Release|Win32
		{A4458A2B-217B-431A-8D2D-3E3B94061A86}.Debug|x64.ActiveCfg = Debug|x64
		{A4458A2B-217B-431A-8D2D-3E3B94061A86}.Debug|x64.Build.0 = Debug|x64
		{A4458A2B-217B-431A-8D2D-3E3B94061A86}.Debug|x86.ActiveCfg = Debug|Win32
		{A4458A2B-217B-431A-8D2D-3E3B94061A86}.Debug|x86.Build.0 = Debug|Win32
		{A4458A2B-217B-431A-8D2D-3E3B94061A86}.Release|x64.ActiveCfg = Release|x64
		{A4458A2B-217B-431A-8D2D-3E3B94061A86}.Release|x64.Build.0 = Release|x64
		{A4458A2B-217B-431A-8D2D-3E3B94061A86}.Release|x86.ActiveCfg = Release|Win32
		{A4458A2B-217B-431A-8D2D-3E3B94061A86}.Release|x86.Build.0 = Release|Win32
		{8770D61B-AC7E-4796-8962-3F8AEDB1CC5B}.Debug|x64.ActiveCfg = Debug|x64
		{8770D61B-AC7E-4796-8962-3F8AEDB1CC5B}.Debug|x64.Build.0 = Debug|x64
		{8770D61B-AC7E-4796-8962-3F8AEDB1CC5B}.Debug|x86.ActiveCfg = Debug|Win32
		{8770D61B-AC7E-4796-8962-3F8AEDB1CC5B}.Debug|x86.Build.0 = Debug|Win32
		{8770D61B-AC7E-4796-8962-3F8AEDB1CC5B}.Release|x64.ActiveCfg = Release|x64
		{8770D61B-AC7E-4796-8962-3F8AEDB1CC5B}.Release|x64.Build.0 = Release|x64
		{8770D61B-AC7E-4796-8962-3F8AEDB1CC5B}.Release|x86.ActiveCfg = Release|Win32
		{8770D61B-AC7E-4796-8962-3F8AEDB1CC5B}.Release|x86.Build.0 = Release|Win32
		{DDD596CC-3B73-4B16-838C-9B0666A986FA}.Debug|x64.ActiveCfg = Debug|x64
		{DDD596CC-3B73-4B16-838C-9B0666A986FA}.Debug|x64.Build.0 = Debug|x64
		{DDD596CC-3B73-4B16-838C-9B0666A986FA}.Debug|x86.ActiveCfg = Debug|Win32
		{DDD596CC-3B73-4B16-838C-9B0666A986FA}.Debug|x86.Build.0 = Debug|Win32
		{DDD596CC-3B73-4B16-838C-9B0666A986FA}.Release|x64.ActiveCfg = Release|x64
		{DDD596CC-3B73-4B16-838C-9B0666A986FA}.Release|x64.Build.0 = Release|x64
		{DDD596CC-3B73-4B16-838C-9B0666A986FA}.Release|x86.ActiveCfg = Release|Win32
		{DDD596CC-3B73-4B16-838C-9B0666A986FA}.Release|x86.Build.0 = Release|Win32
		{33B7864E-775F-4E5A-AF23-C8DCBD5A5337}.Debug|x64.ActiveCfg = Debug|x64
		{33B7864E-775F-4E5A-AF23-C8DCBD5A5337}.Debug|x64.Build.0 = Debug|x64
		{33B7864E-775F-4E5A-AF23-C8DCBD5A5337}.Debug|x86.ActiveCfg = Debug|Win32
		{33B7864E-775F-4E5A-AF23-C8DCBD5A5337}.Debug|x86.Build.0 = Debug|Win32
		{33B7864E-775F-4E5A-AF23-C8DCBD5A5337}.Release|x64.ActiveCfg = Release|x64
		{33B7864E-775F-4E5A-AF23-C8DCBD5A5337}.Release|x64.Build.0 = Release|x64
		{33B7864E-775F-4E5A-AF23-C8DCBD5A5337}.Release|x86.ActiveCfg = Release|Win32
		{33B7864E-775F-4E5A-AF23-C8DCBD5A5337}.Release|x86.Build.0 = Release|Win32
		{DE1C54A1-17C8-41D0-9BA1-5C91C545D8FD}.Debug|x64.ActiveCfg = Debug|x64
		{DE1C54A1-17C8-41D0-9BA1-5C91C545D8FD}.Debug|x64.Build.0 = Debug|x64
		{DE1C54A1-17C8-41D0-9BA1-5C91C545D8FD}.Debug|x86.ActiveCfg = Debug|Win32
		{DE1C54A1-17C8-41D0-9BA1-5C91C545D8FD}.Debug|x86.Build.0 = Debug|Win32
		{DE1C54A1-17C8-41D0-9BA1-5C91C545D8FD}.Release|x64.ActiveCfg = Release|x64
		{DE1C54A1-17C8-41D0-9BA1-5C91C545D8FD}.Release|x64.Build.0 = Release|x64
		{DE1C54A1-17C8-41D0-9BA1-5C91C545D8FD}.Release|x86.ActiveCfg = Release|Win32
		{DE1C54A1-17C8-41D0-9BA1-5C91C545D8FD}.Release|x86.Build.0 = Release|Win32
		{2A8433B0-0961-4A87-A538-B2D8A2692593}.Debug|x64.ActiveCfg = Debug|x64
		{2A8433B0-0961-4A87-A538-B2D8A2692593}.Debug|x64.Build.0 = Debug|x64
		{2A8433B0-0961-4A87-A538-B2D8A2692593}.Debug|x86.ActiveCfg = Debug|Win32
		{2A8433B0-0961-4A87-A538-B2D8A2692593}.Debug|x86.Build.0 = Debug|Win32
		{2A8433B0-0961-4A87-A538-B2D8A2692593}.Release|x64.ActiveCfg = Release|x64
		{2A8433B0-0961-4A87-A538-B2D8A2692593}.Release|x64.Build.0 = Release|x64
		{2A8433B0-0961-4A87-A538-B2D8A2692593}.Release|x86.ActiveCfg = Release|Win32
		{2A8433B0-0961-4A87-A538-B2D8A2692593}.Release|x86.Build.0 = Release|Win32
		{A988B77B-0727-4DB1-980A-79DBEED88E41}.Debug|x64.ActiveCfg = Debug|x64
		{A988B77B-0727-4DB1-980A-79DBEED88E41}.Debug|x64.Build.0 = Debug|x64
		{A988B77B-0727-4DB1-980A-79DBEED88E41}.Debug|x86.ActiveCfg = Debug|Win32
		{A988B77B-0727-4DB1-980A-79DBEED88E41}.Debug|x86.Build.0 = Debug|Win32
		{A988B77B-0727-4DB1-980A-79DBEED88E41}.Release|x64.ActiveCfg = Release|x64
		{A988B77B-0727-4DB1-980A-79DBEED88E41}.Release|x64.Build.0 = Release|x64
		{A988B77B-0727-4DB1-980A-79DBEED88E41}.Release|x86.ActiveCfg = Release|Win32
		{A988B77B-0727-4DB1-980A-79DBEED88E41}.Release|x86.Build.0 = Release|Win32
		{A9E7848E-2AC9-42CA-90FA-EA391BFB1DCD}.Debug|x64.ActiveCfg = Debug|x64
		{A9E7848E-2AC9-42CA-90FA-EA391BFB1DCD}.Debug|x64.Build.0 = Debug|x64
		{A9E7848E-2AC9-42CA-90FA-EA391BFB1DCD}.Debug|x86.ActiveCfg = Debug|Win32
		{A9E7848E-2AC9-42CA-90FA-EA391BFB1DCD}.Debug|x86.Build.0 = Debug|Win32
		{A9E7848E-2AC9-42CA-90FA-EA391BFB1DCD}.Release|x64.ActiveCfg = Release|x64
		{A9E7848E-2AC9-42CA-90FA-EA391BFB1DCD}.Release|x64.Build.0 = Release|x64
		{A9E7848E-2AC9-42CA-90FA-EA391BFB1DCD}.Release|x86.ActiveCfg = Release|Win32
		{A9E7848E-2AC9-42CA-90FA-EA391BFB1DCD}.Release|x86.Build.0 = Release|Win32
		{EF517339-629F-42BB-AA9C-D76192185CD5}.Debug|x64.ActiveCfg = Debug|x64
		{EF517339-629F-42BB-AA9C-D76192185CD5}.Debug|x64.Build.0 = Debug|x64
		{EF517339-629F-42BB-AA9C-D76192185CD5}.Debug|x86.ActiveCfg = Debug|Win32
		{EF517339-629F-42BB-AA9C-D76192185CD5}.Debug|x86.Build.0 = Debug|Win32
		{EF517339-629F-42BB-AA9C-D76192185CD5}.Release|x64.ActiveCfg = Release|x64
		{EF517339-629F-42BB-AA9C-D76192185CD5}.Release|x64.Build.0 = Release|x64
		{EF517339-629F-42BB-AA9C-D76192185CD5}.Release|x86.ActiveCfg = Release|Win32
		{EF517339-629F-42BB-AA9C-D76192185CD5}.Release|x86.Build.0 = Release|Win32
	EndGlobalSection
	GlobalSection(SolutionProperties) = preSolution
		HideSolutionNode = FALSE
	EndGlobalSection
	GlobalSection(ExtensibilityGlobals) = postSolution
		SolutionGuid = {0DD016A1-06AA-4370-ADE7-9578939411BB}
	EndGlobalSection
EndGlobal
