
Microsoft Visual Studio Solution File, Format Version 12.00
# Visual Studio Version 17
VisualStudioVersion = 17.11.35327.3
MinimumVisualStudioVersion = 10.0.40219.1
Project("{8BC9CEB8-8B4A-11D0-8D11-00A0C91BC942}") = "TEMA LAB OOP 1.1", "TEMA LAB OOP 1\TEMA LAB OOP 1.vcxproj", "{71DFF520-4BDF-4528-8827-6758A3F9E1B4}"
EndProject
Project("{8BC9CEB8-8B4A-11D0-8D11-00A0C91BC942}") = "TEMA LAB OOP 1.2", "TEMA LAB OOP 1.2\TEMA LAB OOP 1.2.vcxproj", "{7E7D873C-0D5E-4925-B2A8-0DF725E3EA08}"
EndProject
Project("{8BC9CEB8-8B4A-11D0-8D11-00A0C91BC942}") = "EX 2.1", "EX 2.1\EX 2.1.vcxproj", "{86737F58-9553-4964-902D-E7209B8AC8AC}"
EndProject
Project("{8BC9CEB8-8B4A-11D0-8D11-00A0C91BC942}") = "EX 2.2", "EX 2.2\EX 2.2.vcxproj", "{830EA9AA-44C2-4F84-BB65-0268D3F58F52}"
EndProject
Project("{8BC9CEB8-8B4A-11D0-8D11-00A0C91BC942}") = "EX 2.3", "EX 2.3\EX 2.3.vcxproj", "{90385845-0EAD-43C8-B97E-3A3B5BE06B6E}"
EndProject
Project("{8BC9CEB8-8B4A-11D0-8D11-00A0C91BC942}") = "EX 2.4", "EX 2.4\EX 2.4.vcxproj", "{12D336A4-08E5-437A-ACA6-100B1D1A2FA1}"
EndProject
Project("{8BC9CEB8-8B4A-11D0-8D11-00A0C91BC942}") = "EX 2.5", "EX 2.5\EX 2.5.vcxproj", "{39F3DD65-2F20-4DD1-9E89-B1E1A5452AE4}"
EndProject
Project("{8BC9CEB8-8B4A-11D0-8D11-00A0C91BC942}") = "EX 3.1", "EX 3.1\EX 3.1.vcxproj", "{8CA4898C-E524-43C7-882C-AC3BBC91AD6F}"
EndProject
Project("{8BC9CEB8-8B4A-11D0-8D11-00A0C91BC942}") = "EX 3.2", "EX 3.2\EX 3.2.vcxproj", "{2B89ECC1-E1F5-4B40-9D71-3619B3732868}"
EndProject
Project("{8BC9CEB8-8B4A-11D0-8D11-00A0C91BC942}") = "EX 3.3", "EX 3.3\EX 3.3.vcxproj", "{BC13C6D1-C8EC-4E5E-8D6F-9FDA003C0716}"
EndProject
Project("{8BC9CEB8-8B4A-11D0-8D11-00A0C91BC942}") = "EX 3.4", "EX 3.4\EX 3.4.vcxproj", "{17ECEFB6-3677-469F-BD7F-3AB7D20BFF68}"
EndProject
Project("{8BC9CEB8-8B4A-11D0-8D11-00A0C91BC942}") = "EX 3.5", "EX 3.5\EX 3.5.vcxproj", "{7586E9C9-EFAF-4C90-B803-02D23A2729C9}"
EndProject
Project("{8BC9CEB8-8B4A-11D0-8D11-00A0C91BC942}") = "EX 4.1", "EX 4.1\EX 4.1.vcxproj", "{E9BC8E41-DD93-457D-832D-ACE707FED482}"
EndProject
Project("{8BC9CEB8-8B4A-11D0-8D11-00A0C91BC942}") = "EX 4.2", "EX 4.2\EX 4.2.vcxproj", "{24D86FB3-F9D2-446F-BF3F-1606C70407C6}"
EndProject
Project("{8BC9CEB8-8B4A-11D0-8D11-00A0C91BC942}") = "EX 4.3", "EX 4.3\EX 4.3.vcxproj", "{AF74D257-3C82-4E44-A352-536A192D0C13}"
EndProject
Project("{8BC9CEB8-8B4A-11D0-8D11-00A0C91BC942}") = "EX 5.1", "EX 5.1\EX 5.1.vcxproj", "{2104CEA3-5450-478C-89C0-9A21904E1EE2}"
EndProject
Project("{8BC9CEB8-8B4A-11D0-8D11-00A0C91BC942}") = "EX 5.2", "EX 5.2\EX 5.2.vcxproj", "{3022F7C4-3620-4219-A41B-7E13C4641DD4}"
EndProject
Global
	GlobalSection(SolutionConfigurationPlatforms) = preSolution
		Debug|x64 = Debug|x64
		Debug|x86 = Debug|x86
		Release|x64 = Release|x64
		Release|x86 = Release|x86
	EndGlobalSection
	GlobalSection(ProjectConfigurationPlatforms) = postSolution
		{71DFF520-4BDF-4528-8827-6758A3F9E1B4}.Debug|x64.ActiveCfg = Debug|x64
		{71DFF520-4BDF-4528-8827-6758A3F9E1B4}.Debug|x64.Build.0 = Debug|x64
		{71DFF520-4BDF-4528-8827-6758A3F9E1B4}.Debug|x86.ActiveCfg = Debug|Win32
		{71DFF520-4BDF-4528-8827-6758A3F9E1B4}.Debug|x86.Build.0 = Debug|Win32
		{71DFF520-4BDF-4528-8827-6758A3F9E1B4}.Release|x64.ActiveCfg = Release|x64
		{71DFF520-4BDF-4528-8827-6758A3F9E1B4}.Release|x64.Build.0 = Release|x64
		{71DFF520-4BDF-4528-8827-6758A3F9E1B4}.Release|x86.ActiveCfg = Release|Win32
		{71DFF520-4BDF-4528-8827-6758A3F9E1B4}.Release|x86.Build.0 = Release|Win32
		{7E7D873C-0D5E-4925-B2A8-0DF725E3EA08}.Debug|x64.ActiveCfg = Debug|x64
		{7E7D873C-0D5E-4925-B2A8-0DF725E3EA08}.Debug|x64.Build.0 = Debug|x64
		{7E7D873C-0D5E-4925-B2A8-0DF725E3EA08}.Debug|x86.ActiveCfg = Debug|Win32
		{7E7D873C-0D5E-4925-B2A8-0DF725E3EA08}.Debug|x86.Build.0 = Debug|Win32
		{7E7D873C-0D5E-4925-B2A8-0DF725E3EA08}.Release|x64.ActiveCfg = Release|x64
		{7E7D873C-0D5E-4925-B2A8-0DF725E3EA08}.Release|x64.Build.0 = Release|x64
		{7E7D873C-0D5E-4925-B2A8-0DF725E3EA08}.Release|x86.ActiveCfg = Release|Win32
		{7E7D873C-0D5E-4925-B2A8-0DF725E3EA08}.Release|x86.Build.0 = Release|Win32
		{86737F58-9553-4964-902D-E7209B8AC8AC}.Debug|x64.ActiveCfg = Debug|x64
		{86737F58-9553-4964-902D-E7209B8AC8AC}.Debug|x64.Build.0 = Debug|x64
		{86737F58-9553-4964-902D-E7209B8AC8AC}.Debug|x86.ActiveCfg = Debug|Win32
		{86737F58-9553-4964-902D-E7209B8AC8AC}.Debug|x86.Build.0 = Debug|Win32
		{86737F58-9553-4964-902D-E7209B8AC8AC}.Release|x64.ActiveCfg = Release|x64
		{86737F58-9553-4964-902D-E7209B8AC8AC}.Release|x64.Build.0 = Release|x64
		{86737F58-9553-4964-902D-E7209B8AC8AC}.Release|x86.ActiveCfg = Release|Win32
		{86737F58-9553-4964-902D-E7209B8AC8AC}.Release|x86.Build.0 = Release|Win32
		{830EA9AA-44C2-4F84-BB65-0268D3F58F52}.Debug|x64.ActiveCfg = Debug|x64
		{830EA9AA-44C2-4F84-BB65-0268D3F58F52}.Debug|x64.Build.0 = Debug|x64
		{830EA9AA-44C2-4F84-BB65-0268D3F58F52}.Debug|x86.ActiveCfg = Debug|Win32
		{830EA9AA-44C2-4F84-BB65-0268D3F58F52}.Debug|x86.Build.0 = Debug|Win32
		{830EA9AA-44C2-4F84-BB65-0268D3F58F52}.Release|x64.ActiveCfg = Release|x64
		{830EA9AA-44C2-4F84-BB65-0268D3F58F52}.Release|x64.Build.0 = Release|x64
		{830EA9AA-44C2-4F84-BB65-0268D3F58F52}.Release|x86.ActiveCfg = Release|Win32
		{830EA9AA-44C2-4F84-BB65-0268D3F58F52}.Release|x86.Build.0 = Release|Win32
		{90385845-0EAD-43C8-B97E-3A3B5BE06B6E}.Debug|x64.ActiveCfg = Debug|x64
		{90385845-0EAD-43C8-B97E-3A3B5BE06B6E}.Debug|x64.Build.0 = Debug|x64
		{90385845-0EAD-43C8-B97E-3A3B5BE06B6E}.Debug|x86.ActiveCfg = Debug|Win32
		{90385845-0EAD-43C8-B97E-3A3B5BE06B6E}.Debug|x86.Build.0 = Debug|Win32
		{90385845-0EAD-43C8-B97E-3A3B5BE06B6E}.Release|x64.ActiveCfg = Release|x64
		{90385845-0EAD-43C8-B97E-3A3B5BE06B6E}.Release|x64.Build.0 = Release|x64
		{90385845-0EAD-43C8-B97E-3A3B5BE06B6E}.Release|x86.ActiveCfg = Release|Win32
		{90385845-0EAD-43C8-B97E-3A3B5BE06B6E}.Release|x86.Build.0 = Release|Win32
		{12D336A4-08E5-437A-ACA6-100B1D1A2FA1}.Debug|x64.ActiveCfg = Debug|x64
		{12D336A4-08E5-437A-ACA6-100B1D1A2FA1}.Debug|x64.Build.0 = Debug|x64
		{12D336A4-08E5-437A-ACA6-100B1D1A2FA1}.Debug|x86.ActiveCfg = Debug|Win32
		{12D336A4-08E5-437A-ACA6-100B1D1A2FA1}.Debug|x86.Build.0 = Debug|Win32
		{12D336A4-08E5-437A-ACA6-100B1D1A2FA1}.Release|x64.ActiveCfg = Release|x64
		{12D336A4-08E5-437A-ACA6-100B1D1A2FA1}.Release|x64.Build.0 = Release|x64
		{12D336A4-08E5-437A-ACA6-100B1D1A2FA1}.Release|x86.ActiveCfg = Release|Win32
		{12D336A4-08E5-437A-ACA6-100B1D1A2FA1}.Release|x86.Build.0 = Release|Win32
		{39F3DD65-2F20-4DD1-9E89-B1E1A5452AE4}.Debug|x64.ActiveCfg = Debug|x64
		{39F3DD65-2F20-4DD1-9E89-B1E1A5452AE4}.Debug|x64.Build.0 = Debug|x64
		{39F3DD65-2F20-4DD1-9E89-B1E1A5452AE4}.Debug|x86.ActiveCfg = Debug|Win32
		{39F3DD65-2F20-4DD1-9E89-B1E1A5452AE4}.Debug|x86.Build.0 = Debug|Win32
		{39F3DD65-2F20-4DD1-9E89-B1E1A5452AE4}.Release|x64.ActiveCfg = Release|x64
		{39F3DD65-2F20-4DD1-9E89-B1E1A5452AE4}.Release|x64.Build.0 = Release|x64
		{39F3DD65-2F20-4DD1-9E89-B1E1A5452AE4}.Release|x86.ActiveCfg = Release|Win32
		{39F3DD65-2F20-4DD1-9E89-B1E1A5452AE4}.Release|x86.Build.0 = Release|Win32
		{8CA4898C-E524-43C7-882C-AC3BBC91AD6F}.Debug|x64.ActiveCfg = Debug|x64
		{8CA4898C-E524-43C7-882C-AC3BBC91AD6F}.Debug|x64.Build.0 = Debug|x64
		{8CA4898C-E524-43C7-882C-AC3BBC91AD6F}.Debug|x86.ActiveCfg = Debug|Win32
		{8CA4898C-E524-43C7-882C-AC3BBC91AD6F}.Debug|x86.Build.0 = Debug|Win32
		{8CA4898C-E524-43C7-882C-AC3BBC91AD6F}.Release|x64.ActiveCfg = Release|x64
		{8CA4898C-E524-43C7-882C-AC3BBC91AD6F}.Release|x64.Build.0 = Release|x64
		{8CA4898C-E524-43C7-882C-AC3BBC91AD6F}.Release|x86.ActiveCfg = Release|Win32
		{8CA4898C-E524-43C7-882C-AC3BBC91AD6F}.Release|x86.Build.0 = Release|Win32
		{2B89ECC1-E1F5-4B40-9D71-3619B3732868}.Debug|x64.ActiveCfg = Debug|x64
		{2B89ECC1-E1F5-4B40-9D71-3619B3732868}.Debug|x64.Build.0 = Debug|x64
		{2B89ECC1-E1F5-4B40-9D71-3619B3732868}.Debug|x86.ActiveCfg = Debug|Win32
		{2B89ECC1-E1F5-4B40-9D71-3619B3732868}.Debug|x86.Build.0 = Debug|Win32
		{2B89ECC1-E1F5-4B40-9D71-3619B3732868}.Release|x64.ActiveCfg = Release|x64
		{2B89ECC1-E1F5-4B40-9D71-3619B3732868}.Release|x64.Build.0 = Release|x64
		{2B89ECC1-E1F5-4B40-9D71-3619B3732868}.Release|x86.ActiveCfg = Release|Win32
		{2B89ECC1-E1F5-4B40-9D71-3619B3732868}.Release|x86.Build.0 = Release|Win32
		{BC13C6D1-C8EC-4E5E-8D6F-9FDA003C0716}.Debug|x64.ActiveCfg = Debug|x64
		{BC13C6D1-C8EC-4E5E-8D6F-9FDA003C0716}.Debug|x64.Build.0 = Debug|x64
		{BC13C6D1-C8EC-4E5E-8D6F-9FDA003C0716}.Debug|x86.ActiveCfg = Debug|Win32
		{BC13C6D1-C8EC-4E5E-8D6F-9FDA003C0716}.Debug|x86.Build.0 = Debug|Win32
		{BC13C6D1-C8EC-4E5E-8D6F-9FDA003C0716}.Release|x64.ActiveCfg = Release|x64
		{BC13C6D1-C8EC-4E5E-8D6F-9FDA003C0716}.Release|x64.Build.0 = Release|x64
		{BC13C6D1-C8EC-4E5E-8D6F-9FDA003C0716}.Release|x86.ActiveCfg = Release|Win32
		{BC13C6D1-C8EC-4E5E-8D6F-9FDA003C0716}.Release|x86.Build.0 = Release|Win32
		{17ECEFB6-3677-469F-BD7F-3AB7D20BFF68}.Debug|x64.ActiveCfg = Debug|x64
		{17ECEFB6-3677-469F-BD7F-3AB7D20BFF68}.Debug|x64.Build.0 = Debug|x64
		{17ECEFB6-3677-469F-BD7F-3AB7D20BFF68}.Debug|x86.ActiveCfg = Debug|Win32
		{17ECEFB6-3677-469F-BD7F-3AB7D20BFF68}.Debug|x86.Build.0 = Debug|Win32
		{17ECEFB6-3677-469F-BD7F-3AB7D20BFF68}.Release|x64.ActiveCfg = Release|x64
		{17ECEFB6-3677-469F-BD7F-3AB7D20BFF68}.Release|x64.Build.0 = Release|x64
		{17ECEFB6-3677-469F-BD7F-3AB7D20BFF68}.Release|x86.ActiveCfg = Release|Win32
		{17ECEFB6-3677-469F-BD7F-3AB7D20BFF68}.Release|x86.Build.0 = Release|Win32
		{7586E9C9-EFAF-4C90-B803-02D23A2729C9}.Debug|x64.ActiveCfg = Debug|x64
		{7586E9C9-EFAF-4C90-B803-02D23A2729C9}.Debug|x64.Build.0 = Debug|x64
		{7586E9C9-EFAF-4C90-B803-02D23A2729C9}.Debug|x86.ActiveCfg = Debug|Win32
		{7586E9C9-EFAF-4C90-B803-02D23A2729C9}.Debug|x86.Build.0 = Debug|Win32
		{7586E9C9-EFAF-4C90-B803-02D23A2729C9}.Release|x64.ActiveCfg = Release|x64
		{7586E9C9-EFAF-4C90-B803-02D23A2729C9}.Release|x64.Build.0 = Release|x64
		{7586E9C9-EFAF-4C90-B803-02D23A2729C9}.Release|x86.ActiveCfg = Release|Win32
		{7586E9C9-EFAF-4C90-B803-02D23A2729C9}.Release|x86.Build.0 = Release|Win32
		{E9BC8E41-DD93-457D-832D-ACE707FED482}.Debug|x64.ActiveCfg = Debug|x64
		{E9BC8E41-DD93-457D-832D-ACE707FED482}.Debug|x64.Build.0 = Debug|x64
		{E9BC8E41-DD93-457D-832D-ACE707FED482}.Debug|x86.ActiveCfg = Debug|Win32
		{E9BC8E41-DD93-457D-832D-ACE707FED482}.Debug|x86.Build.0 = Debug|Win32
		{E9BC8E41-DD93-457D-832D-ACE707FED482}.Release|x64.ActiveCfg = Release|x64
		{E9BC8E41-DD93-457D-832D-ACE707FED482}.Release|x64.Build.0 = Release|x64
		{E9BC8E41-DD93-457D-832D-ACE707FED482}.Release|x86.ActiveCfg = Release|Win32
		{E9BC8E41-DD93-457D-832D-ACE707FED482}.Release|x86.Build.0 = Release|Win32
		{24D86FB3-F9D2-446F-BF3F-1606C70407C6}.Debug|x64.ActiveCfg = Debug|x64
		{24D86FB3-F9D2-446F-BF3F-1606C70407C6}.Debug|x64.Build.0 = Debug|x64
		{24D86FB3-F9D2-446F-BF3F-1606C70407C6}.Debug|x86.ActiveCfg = Debug|Win32
		{24D86FB3-F9D2-446F-BF3F-1606C70407C6}.Debug|x86.Build.0 = Debug|Win32
		{24D86FB3-F9D2-446F-BF3F-1606C70407C6}.Release|x64.ActiveCfg = Release|x64
		{24D86FB3-F9D2-446F-BF3F-1606C70407C6}.Release|x64.Build.0 = Release|x64
		{24D86FB3-F9D2-446F-BF3F-1606C70407C6}.Release|x86.ActiveCfg = Release|Win32
		{24D86FB3-F9D2-446F-BF3F-1606C70407C6}.Release|x86.Build.0 = Release|Win32
		{AF74D257-3C82-4E44-A352-536A192D0C13}.Debug|x64.ActiveCfg = Debug|x64
		{AF74D257-3C82-4E44-A352-536A192D0C13}.Debug|x64.Build.0 = Debug|x64
		{AF74D257-3C82-4E44-A352-536A192D0C13}.Debug|x86.ActiveCfg = Debug|Win32
		{AF74D257-3C82-4E44-A352-536A192D0C13}.Debug|x86.Build.0 = Debug|Win32
		{AF74D257-3C82-4E44-A352-536A192D0C13}.Release|x64.ActiveCfg = Release|x64
		{AF74D257-3C82-4E44-A352-536A192D0C13}.Release|x64.Build.0 = Release|x64
		{AF74D257-3C82-4E44-A352-536A192D0C13}.Release|x86.ActiveCfg = Release|Win32
		{AF74D257-3C82-4E44-A352-536A192D0C13}.Release|x86.Build.0 = Release|Win32
		{2104CEA3-5450-478C-89C0-9A21904E1EE2}.Debug|x64.ActiveCfg = Debug|x64
		{2104CEA3-5450-478C-89C0-9A21904E1EE2}.Debug|x64.Build.0 = Debug|x64
		{2104CEA3-5450-478C-89C0-9A21904E1EE2}.Debug|x86.ActiveCfg = Debug|Win32
		{2104CEA3-5450-478C-89C0-9A21904E1EE2}.Debug|x86.Build.0 = Debug|Win32
		{2104CEA3-5450-478C-89C0-9A21904E1EE2}.Release|x64.ActiveCfg = Release|x64
		{2104CEA3-5450-478C-89C0-9A21904E1EE2}.Release|x64.Build.0 = Release|x64
		{2104CEA3-5450-478C-89C0-9A21904E1EE2}.Release|x86.ActiveCfg = Release|Win32
		{2104CEA3-5450-478C-89C0-9A21904E1EE2}.Release|x86.Build.0 = Release|Win32
		{3022F7C4-3620-4219-A41B-7E13C4641DD4}.Debug|x64.ActiveCfg = Debug|x64
		{3022F7C4-3620-4219-A41B-7E13C4641DD4}.Debug|x64.Build.0 = Debug|x64
		{3022F7C4-3620-4219-A41B-7E13C4641DD4}.Debug|x86.ActiveCfg = Debug|Win32
		{3022F7C4-3620-4219-A41B-7E13C4641DD4}.Debug|x86.Build.0 = Debug|Win32
		{3022F7C4-3620-4219-A41B-7E13C4641DD4}.Release|x64.ActiveCfg = Release|x64
		{3022F7C4-3620-4219-A41B-7E13C4641DD4}.Release|x64.Build.0 = Release|x64
		{3022F7C4-3620-4219-A41B-7E13C4641DD4}.Release|x86.ActiveCfg = Release|Win32
		{3022F7C4-3620-4219-A41B-7E13C4641DD4}.Release|x86.Build.0 = Release|Win32
	EndGlobalSection
	GlobalSection(SolutionProperties) = preSolution
		HideSolutionNode = FALSE
	EndGlobalSection
	GlobalSection(ExtensibilityGlobals) = postSolution
		SolutionGuid = {0DD016A1-06AA-4370-ADE7-9578939411BB}
	EndGlobalSection
EndGlobal
